
Microsoft Visual Studio Solution File, Format Version 12.00
# Visual Studio Version 16
VisualStudioVersion = 16.0.29009.5
MinimumVisualStudioVersion = 10.0.40219.1
Project("{FAE04EC0-301F-11D3-BF4B-00C04F79EFBC}") = "FTPuploadTest", "FTPuploadTest\FTPuploadTest.csproj", "{8411C6D2-46D8-44ED-B74E-30F04C25B46E}"
EndProject
Global
	GlobalSection(SolutionConfigurationPlatforms) = preSolution
		Debug|Any CPU = Debug|Any CPU
		Release|Any CPU = Release|Any CPU
	EndGlobalSection
	GlobalSection(ProjectConfigurationPlatforms) = postSolution
		{8411C6D2-46D8-44ED-B74E-30F04C25B46E}.Debug|Any CPU.ActiveCfg = Debug|Any CPU
		{8411C6D2-46D8-44ED-B74E-30F04C25B46E}.Debug|Any CPU.Build.0 = Debug|Any CPU
		{8411C6D2-46D8-44ED-B74E-30F04C25B46E}.Release|Any CPU.ActiveCfg = Release|Any CPU
		{8411C6D2-46D8-44ED-B74E-30F04C25B46E}.Release|Any CPU.Build.0 = Release|Any CPU
	EndGlobalSection
	GlobalSection(SolutionProperties) = preSolution
		HideSolutionNode = FALSE
	EndGlobalSection
	GlobalSection(ExtensibilityGlobals) = postSolution
		SolutionGuid = {7446757B-4E21-4C11-9E01-1AA421181F93}
	EndGlobalSection
EndGlobal
